{
  "version": 4,
  "terraform_version": "1.9.6",
  "serial": 69,
  "lineage": "f8026c17-f5d6-5d2d-e0b6-ae5a5d8f6284",
  "outputs": {
    "id": {
      "value": "E30bHztL4jzoLw3",
      "type": "string"
    }
  },
  "resources": [
    {
      "mode": "managed",
      "type": "local_file",
      "name": "example",
      "provider": "provider[\"registry.terraform.io/hashicorp/local\"]",
      "instances": [
        {
          "schema_version": 0,
          "attributes": {
            "content": "hello world",
            "content_base64": null,
            "content_base64sha256": "uU0nuZNNPgilLlLX2n2r+sSE7+N6U4DukIj3rOLvzek=",
            "content_base64sha512": "MJ7MSJwS1utMxA9QyQLytNDtd+5RGnx6m808qG1M2G+YndNbxf9JlnDaNCVbRbDP2DDoH2Bdz33FVC6TrpzXbw==",
            "content_md5": "5eb63bbbe01eeed093cb22bb8f5acdc3",
            "content_sha1": "2aae6c35c94fcfb415dbe95f408b9ce91ee846ed",
            "content_sha256": "b94d27b9934d3e08a52e52d7da7dabfac484efe37a5380ee9088f7ace2efcde9",
            "content_sha512": "309ecc489c12d6eb4cc40f50c902f2b4d0ed77ee511a7c7a9bcd3ca86d4cd86f989dd35bc5ff499670da34255b45b0cfd830e81f605dcf7dc5542e93ae9cd76f",
            "directory_permission": "0777",
            "file_permission": "0777",
            "filename": "a1",
            "id": "2aae6c35c94fcfb415dbe95f408b9ce91ee846ed",
            "sensitive_content": null,
            "source": null
          },
          "sensitive_attributes": [
            [
              {
                "type": "get_attr",
                "value": "sensitive_content"
              }
            ]
          ]
        }
      ]
    },
    {
      "mode": "managed",
      "type": "local_file",
      "name": "example1",
      "provider": "provider[\"registry.terraform.io/hashicorp/local\"]",
      "instances": [
        {
          "schema_version": 0,
          "attributes": {
            "content": "34598",
            "content_base64": null,
            "content_base64sha256": "25G1iToDcuyElQ3in8KUZCxA0Nqp5EFO2Bor91AB7ow=",
            "content_base64sha512": "yzKJqj2dV2Trll5nez1qvPKngjB69oLPWSOnQiJd9yL2haNJNLHjmAt2CdPLrn/l4v7u6fIoIHU6jHijzjNhDw==",
            "content_md5": "45ec4f558dca1921c3f77b0a787b204f",
            "content_sha1": "dfdc8a5ee9f6e75d6eb02f3ff2c3a25d056626f9",
            "content_sha256": "db91b5893a0372ec84950de29fc294642c40d0daa9e4414ed81a2bf75001ee8c",
            "content_sha512": "cb3289aa3d9d5764eb965e677b3d6abcf2a782307af682cf5923a742225df722f685a34934b1e3980b7609d3cbae7fe5e2feeee9f22820753a8c78a3ce33610f",
            "directory_permission": "0777",
            "file_permission": "0777",
            "filename": "a2",
            "id": "dfdc8a5ee9f6e75d6eb02f3ff2c3a25d056626f9",
            "sensitive_content": null,
            "source": null
          },
          "sensitive_attributes": [
            [
              {
                "type": "get_attr",
                "value": "sensitive_content"
              }
            ]
          ]
        }
      ]
    },
    {
      "mode": "managed",
      "type": "local_file",
      "name": "example2",
      "provider": "provider[\"registry.terraform.io/hashicorp/local\"]",
      "instances": [
        {
          "schema_version": 0,
          "attributes": {
            "content": "false",
            "content_base64": null,
            "content_base64sha256": "/LzxZZCN0YqeSff/J4EBdtuOn2O0NSITdBZkJFIk+Ko=",
            "content_base64sha512": "cZ+mfu9JxLKiuD8MYr3diMEGqq234hrgV8iAK3AONvgf4/FEgS2LBdZtxmPZCLJWReFTJiz21FeqNOaEr54yjQ==",
            "content_md5": "68934a3e9455fa72420237eb05902327",
            "content_sha1": "7cb6efb98ba5972a9b5090dc2e517fe14d12cb04",
            "content_sha256": "fcbcf165908dd18a9e49f7ff27810176db8e9f63b4352213741664245224f8aa",
            "content_sha512": "719fa67eef49c4b2a2b83f0c62bddd88c106aaadb7e21ae057c8802b700e36f81fe3f144812d8b05d66dc663d908b25645e153262cf6d457aa34e684af9e328d",
            "directory_permission": "0777",
            "file_permission": "0777",
            "filename": "a3",
            "id": "7cb6efb98ba5972a9b5090dc2e517fe14d12cb04",
            "sensitive_content": null,
            "source": null
          },
          "sensitive_attributes": [
            [
              {
                "type": "get_attr",
                "value": "sensitive_content"
              }
            ]
          ]
        }
      ]
    },
    {
      "mode": "managed",
      "type": "local_file",
      "name": "example3",
      "provider": "provider[\"registry.terraform.io/hashicorp/local\"]",
      "instances": [
        {
          "schema_version": 0,
          "attributes": {
            "content": "dilip",
            "content_base64": null,
            "content_base64sha256": "G5vXWhEwmRN5howf/7a31/0CEYvOlpB/l5J8XPE4PpE=",
            "content_base64sha512": "N1POztH6xHCQKyqI/U3ywIW3B9+zoJIZSoZDXMbYcpTO41/fDHE8cjBvUVOVhw3/ZsQhVKdNSd0W8tnbsDRLag==",
            "content_md5": "7112f39dfcf02fb8d032a18945479ac2",
            "content_sha1": "76d429f27203669a5e0072f8c27199c155f61754",
            "content_sha256": "1b9bd75a1130991379868c1fffb6b7d7fd02118bce96907f97927c5cf1383e91",
            "content_sha512": "3753ceced1fac470902b2a88fd4df2c085b707dfb3a092194a86435cc6d87294cee35fdf0c713c72306f515395870dff66c42154a74d49dd16f2d9dbb0344b6a",
            "directory_permission": "0777",
            "file_permission": "0777",
            "filename": "a4",
            "id": "76d429f27203669a5e0072f8c27199c155f61754",
            "sensitive_content": null,
            "source": null
          },
          "sensitive_attributes": [
            [
              {
                "type": "get_attr",
                "value": "sensitive_content"
              }
            ]
          ]
        }
      ]
    },
    {
      "mode": "managed",
      "type": "local_file",
      "name": "example4",
      "provider": "provider[\"registry.terraform.io/hashicorp/local\"]",
      "instances": [
        {
          "schema_version": 0,
          "attributes": {
            "content": "varun",
            "content_base64": null,
            "content_base64sha256": "9EgpOdkaNYxvbpn2/ZY5637zF/3f0ZbN/Bw+Wa/cmEc=",
            "content_base64sha512": "R+ClZmSj+e+o4R53fMoQwO9ykREQSioLaiZWTC6NwZ/9f0iwoEiM+0chDWgzXH/Pwuq3m4V3fdQ/FO9gypKUiQ==",
            "content_md5": "149e200961ea52955bd55cb49a127935",
            "content_sha1": "da8eeead6ac54aa6b13c398dae2cdaba6c6029fe",
            "content_sha256": "f4482939d91a358c6f6e99f6fd9639eb7ef317fddfd196cdfc1c3e59afdc9847",
            "content_sha512": "47e0a56664a3f9efa8e11e777cca10c0ef729111104a2a0b6a26564c2e8dc19ffd7f48b0a0488cfb47210d68335c7fcfc2eab79b85777dd43f14ef60ca929489",
            "directory_permission": "0777",
            "file_permission": "0777",
            "filename": "a5",
            "id": "da8eeead6ac54aa6b13c398dae2cdaba6c6029fe",
            "sensitive_content": null,
            "source": null
          },
          "sensitive_attributes": [
            [
              {
                "type": "get_attr",
                "value": "sensitive_content"
              }
            ]
          ]
        }
      ]
    },
    {
      "mode": "managed",
      "type": "local_file",
      "name": "example5",
      "provider": "provider[\"registry.terraform.io/hashicorp/local\"]",
      "instances": [
        {
          "schema_version": 0,
          "attributes": {
            "content": "varun",
            "content_base64": null,
            "content_base64sha256": "9EgpOdkaNYxvbpn2/ZY5637zF/3f0ZbN/Bw+Wa/cmEc=",
            "content_base64sha512": "R+ClZmSj+e+o4R53fMoQwO9ykREQSioLaiZWTC6NwZ/9f0iwoEiM+0chDWgzXH/Pwuq3m4V3fdQ/FO9gypKUiQ==",
            "content_md5": "149e200961ea52955bd55cb49a127935",
            "content_sha1": "da8eeead6ac54aa6b13c398dae2cdaba6c6029fe",
            "content_sha256": "f4482939d91a358c6f6e99f6fd9639eb7ef317fddfd196cdfc1c3e59afdc9847",
            "content_sha512": "47e0a56664a3f9efa8e11e777cca10c0ef729111104a2a0b6a26564c2e8dc19ffd7f48b0a0488cfb47210d68335c7fcfc2eab79b85777dd43f14ef60ca929489",
            "directory_permission": "0777",
            "file_permission": "0777",
            "filename": "a6",
            "id": "da8eeead6ac54aa6b13c398dae2cdaba6c6029fe",
            "sensitive_content": null,
            "source": null
          },
          "sensitive_attributes": [
            [
              {
                "type": "get_attr",
                "value": "sensitive_content"
              }
            ]
          ]
        }
      ]
    },
    {
      "mode": "managed",
      "type": "local_file",
      "name": "example6",
      "provider": "provider[\"registry.terraform.io/hashicorp/local\"]",
      "instances": [
        {
          "schema_version": 0,
          "attributes": {
            "content": "8743",
            "content_base64": null,
            "content_base64sha256": "U4a+AThNarHN8KZxfBzSin2fd3yDkNEcinY9EgVlJgo=",
            "content_base64sha512": "BoBgXl3fo7prvLRSK3ePjziL6mIXowNrpySG3DuTEG+fK94D3/HBX131gqvS3YysX371aTCt6r3d/CmbDU9iKw==",
            "content_md5": "081be9fdff07f3bc808f935906ef70c0",
            "content_sha1": "f7d99b15fb7ed714c14f8f0dd7cccc977308b622",
            "content_sha256": "5386be01384d6ab1cdf0a6717c1cd28a7d9f777c8390d11c8a763d120565260a",
            "content_sha512": "0680605e5ddfa3ba6bbcb4522b778f8f388bea6217a3036ba72486dc3b93106f9f2bde03dff1c15f5df582abd2dd8cac5f7ef56930adeabdddfc299b0d4f622b",
            "directory_permission": "0777",
            "file_permission": "0777",
            "filename": "a7",
            "id": "f7d99b15fb7ed714c14f8f0dd7cccc977308b622",
            "sensitive_content": null,
            "source": null
          },
          "sensitive_attributes": [
            [
              {
                "type": "get_attr",
                "value": "sensitive_content"
              }
            ]
          ]
        }
      ]
    },
    {
      "mode": "managed",
      "type": "local_file",
      "name": "example7",
      "provider": "provider[\"registry.terraform.io/hashicorp/local\"]",
      "instances": [
        {
          "schema_version": 0,
          "attributes": {
            "content": "tata",
            "content_base64": null,
            "content_base64sha256": "0cfJnG4uezEfUd2dGRYaWDJiX7IfNRMfum2mJRPwwJk=",
            "content_base64sha512": "d1nEJeRS5OgJ0ZQIRgEJcWgjYyVzbDkRuttCnTSpYq+c5oGkPnGbel1wFE36+9e7FAKlWu5zQAC4PqGhTHRZ0w==",
            "content_md5": "49d02d55ad10973b7b9d0dc9eba7fdf0",
            "content_sha1": "90795a0ffaa8b88c0e250546d8439bc9c31e5a5e",
            "content_sha256": "d1c7c99c6e2e7b311f51dd9d19161a5832625fb21f35131fba6da62513f0c099",
            "content_sha512": "7759c425e452e4e809d194084601097168236325736c3911badb429d34a962af9ce681a43e719b7a5d70144dfafbd7bb1402a55aee734000b83ea1a14c7459d3",
            "directory_permission": "0777",
            "file_permission": "0777",
            "filename": "a8",
            "id": "90795a0ffaa8b88c0e250546d8439bc9c31e5a5e",
            "sensitive_content": null,
            "source": null
          },
          "sensitive_attributes": [
            [
              {
                "type": "get_attr",
                "value": "sensitive_content"
              }
            ]
          ]
        }
      ]
    },
    {
      "mode": "managed",
      "type": "random_string",
      "name": "delta",
      "provider": "provider[\"registry.terraform.io/hashicorp/random\"]",
      "instances": [
        {
          "schema_version": 2,
          "attributes": {
            "id": "E30bHztL4jzoLw3",
            "keepers": null,
            "length": 15,
            "lower": true,
            "min_lower": 0,
            "min_numeric": 0,
            "min_special": 0,
            "min_upper": 0,
            "number": true,
            "numeric": true,
            "override_special": "text1",
            "result": "E30bHztL4jzoLw3",
            "special": true,
            "upper": true
          },
          "sensitive_attributes": []
        }
      ]
    }
  ],
  "check_results": null
}
